
Microsoft Visual Studio Solution File, Format Version 12.00
# Visual Studio Version 17
VisualStudioVersion = 17.0.31903.59
MinimumVisualStudioVersion = 10.0.40219.1
Project("{FAE04EC0-301F-11D3-BF4B-00C04F79EFBC}") = "workshop.calculator", "workshop.calculator\workshop.calculator.csproj", "{691EE836-9309-40EF-A35C-F5E74F376CF1}"
EndProject
Project("{FAE04EC0-301F-11D3-BF4B-00C04F79EFBC}") = "workshop.tests", "workshop.tests\workshop.tests.csproj", "{BF290B9F-C360-42B0-8118-1FEF0D113EED}"
EndProject
Global
	GlobalSection(SolutionConfigurationPlatforms) = preSolution
		Debug|Any CPU = Debug|Any CPU
		Debug|x64 = Debug|x64
		Debug|x86 = Debug|x86
		Release|Any CPU = Release|Any CPU
		Release|x64 = Release|x64
		Release|x86 = Release|x86
	EndGlobalSection
	GlobalSection(ProjectConfigurationPlatforms) = postSolution
		{691EE836-9309-40EF-A35C-F5E74F376CF1}.Debug|Any CPU.ActiveCfg = Debug|Any CPU
		{691EE836-9309-40EF-A35C-F5E74F376CF1}.Debug|Any CPU.Build.0 = Debug|Any CPU
		{691EE836-9309-40EF-A35C-F5E74F376CF1}.Debug|x64.ActiveCfg = Debug|Any CPU
		{691EE836-9309-40EF-A35C-F5E74F376CF1}.Debug|x64.Build.0 = Debug|Any CPU
		{691EE836-9309-40EF-A35C-F5E74F376CF1}.Debug|x86.ActiveCfg = Debug|Any CPU
		{691EE836-9309-40EF-A35C-F5E74F376CF1}.Debug|x86.Build.0 = Debug|Any CPU
		{691EE836-9309-40EF-A35C-F5E74F376CF1}.Release|Any CPU.ActiveCfg = Release|Any CPU
		{691EE836-9309-40EF-A35C-F5E74F376CF1}.Release|Any CPU.Build.0 = Release|Any CPU
		{691EE836-9309-40EF-A35C-F5E74F376CF1}.Release|x64.ActiveCfg = Release|Any CPU
		{691EE836-9309-40EF-A35C-F5E74F376CF1}.Release|x64.Build.0 = Release|Any CPU
		{691EE836-9309-40EF-A35C-F5E74F376CF1}.Release|x86.ActiveCfg = Release|Any CPU
		{691EE836-9309-40EF-A35C-F5E74F376CF1}.Release|x86.Build.0 = Release|Any CPU
		{BF290B9F-C360-42B0-8118-1FEF0D113EED}.Debug|Any CPU.ActiveCfg = Debug|Any CPU
		{BF290B9F-C360-42B0-8118-1FEF0D113EED}.Debug|Any CPU.Build.0 = Debug|Any CPU
		{BF290B9F-C360-42B0-8118-1FEF0D113EED}.Debug|x64.ActiveCfg = Debug|Any CPU
		{BF290B9F-C360-42B0-8118-1FEF0D113EED}.Debug|x64.Build.0 = Debug|Any CPU
		{BF290B9F-C360-42B0-8118-1FEF0D113EED}.Debug|x86.ActiveCfg = Debug|Any CPU
		{BF290B9F-C360-42B0-8118-1FEF0D113EED}.Debug|x86.Build.0 = Debug|Any CPU
		{BF290B9F-C360-42B0-8118-1FEF0D113EED}.Release|Any CPU.ActiveCfg = Release|Any CPU
		{BF290B9F-C360-42B0-8118-1FEF0D113EED}.Release|Any CPU.Build.0 = Release|Any CPU
		{BF290B9F-C360-42B0-8118-1FEF0D113EED}.Release|x64.ActiveCfg = Release|Any CPU
		{BF290B9F-C360-42B0-8118-1FEF0D113EED}.Release|x64.Build.0 = Release|Any CPU
		{BF290B9F-C360-42B0-8118-1FEF0D113EED}.Release|x86.ActiveCfg = Release|Any CPU
		{BF290B9F-C360-42B0-8118-1FEF0D113EED}.Release|x86.Build.0 = Release|Any CPU
	EndGlobalSection
	GlobalSection(SolutionProperties) = preSolution
		HideSolutionNode = FALSE
	EndGlobalSection
EndGlobal
